
Microsoft Visual Studio Solution File, Format Version 12.00
# Visual Studio 14
VisualStudioVersion = 14.0.25420.1
MinimumVisualStudioVersion = 10.0.40219.1
Project("{2150E333-8FDC-42A3-9474-1A3956D46DE8}") = "src", "src", "{03EC1C86-B49D-44F7-AADD-5977425224A7}"
EndProject
Project("{2150E333-8FDC-42A3-9474-1A3956D46DE8}") = "Solution Items", "Solution Items", "{B1D2D7FD-2754-492D-8870-B3A1C441F501}"
	ProjectSection(SolutionItems) = preProject
		global.json = global.json
	EndProjectSection
EndProject
Project("{8BB2217D-0F2D-49D1-97BC-3654ED321F3B}") = "newapptest", "src\newapptest\newapptest.xproj", "{FCDE3BDE-42F3-47F5-B7F5-9816B59FDF89}"
EndProject
Global
	GlobalSection(SolutionConfigurationPlatforms) = preSolution
		Debug|Any CPU = Debug|Any CPU
		Release|Any CPU = Release|Any CPU
	EndGlobalSection
	GlobalSection(ProjectConfigurationPlatforms) = postSolution
		{FCDE3BDE-42F3-47F5-B7F5-9816B59FDF89}.Debug|Any CPU.ActiveCfg = Debug|Any CPU
		{FCDE3BDE-42F3-47F5-B7F5-9816B59FDF89}.Debug|Any CPU.Build.0 = Debug|Any CPU
		{FCDE3BDE-42F3-47F5-B7F5-9816B59FDF89}.Release|Any CPU.ActiveCfg = Release|Any CPU
		{FCDE3BDE-42F3-47F5-B7F5-9816B59FDF89}.Release|Any CPU.Build.0 = Release|Any CPU
	EndGlobalSection
	GlobalSection(SolutionProperties) = preSolution
		HideSolutionNode = FALSE
	EndGlobalSection
	GlobalSection(NestedProjects) = preSolution
		{FCDE3BDE-42F3-47F5-B7F5-9816B59FDF89} = {03EC1C86-B49D-44F7-AADD-5977425224A7}
	EndGlobalSection
EndGlobal
